// !$*UTF8*$!
{
	archiveVersion = 1;
	classes = {
	};
	objectVersion = 56;
	objects = {

/* Begin PBXBuildFile section */
		1F16845329C09EE000077AC6 /* SnakeCell.swift in Sources */ = {isa = PBXBuildFile; fileRef = 1F16845229C09EE000077AC6 /* SnakeCell.swift */; };
		1F9545CB29BF476500A68561 /* AppDelegate.swift in Sources */ = {isa = PBXBuildFile; fileRef = 1F9545CA29BF476500A68561 /* AppDelegate.swift */; };
		1F9545CD29BF476500A68561 /* SceneDelegate.swift in Sources */ = {isa = PBXBuildFile; fileRef = 1F9545CC29BF476500A68561 /* SceneDelegate.swift */; };
		1F9545CF29BF476500A68561 /* ViewController.swift in Sources */ = {isa = PBXBuildFile; fileRef = 1F9545CE29BF476500A68561 /* ViewController.swift */; };
		1F9545D429BF476700A68561 /* Assets.xcassets in Resources */ = {isa = PBXBuildFile; fileRef = 1F9545D329BF476700A68561 /* Assets.xcassets */; };
		1F9545D729BF476700A68561 /* LaunchScreen.storyboard in Resources */ = {isa = PBXBuildFile; fileRef = 1F9545D529BF476700A68561 /* LaunchScreen.storyboard */; };
		1F9545E429BF4A4E00A68561 /* Board.swift in Sources */ = {isa = PBXBuildFile; fileRef = 1F9545E329BF4A4E00A68561 /* Board.swift */; };
		1F9545E629BF50F500A68561 /* GameModel.swift in Sources */ = {isa = PBXBuildFile; fileRef = 1F9545E529BF50F500A68561 /* GameModel.swift */; };
		1F9545E829BF551D00A68561 /* Resourse.swift in Sources */ = {isa = PBXBuildFile; fileRef = 1F9545E729BF551D00A68561 /* Resourse.swift */; };
		1FC1868629C898AB001EDEE0 /* MovingModel.swift in Sources */ = {isa = PBXBuildFile; fileRef = 1FC1868529C898AB001EDEE0 /* MovingModel.swift */; };
/* End PBXBuildFile section */

/* Begin PBXFileReference section */
		1F16845229C09EE000077AC6 /* SnakeCell.swift */ = {isa = PBXFileReference; lastKnownFileType = sourcecode.swift; path = SnakeCell.swift; sourceTree = "<group>"; };
		1F9545C729BF476500A68561 /* Snake.app */ = {isa = PBXFileReference; explicitFileType = wrapper.application; includeInIndex = 0; path = Snake.app; sourceTree = BUILT_PRODUCTS_DIR; };
		1F9545CA29BF476500A68561 /* AppDelegate.swift */ = {isa = PBXFileReference; lastKnownFileType = sourcecode.swift; path = AppDelegate.swift; sourceTree = "<group>"; };
		1F9545CC29BF476500A68561 /* SceneDelegate.swift */ = {isa = PBXFileReference; lastKnownFileType = sourcecode.swift; path = SceneDelegate.swift; sourceTree = "<group>"; };
		1F9545CE29BF476500A68561 /* ViewController.swift */ = {isa = PBXFileReference; lastKnownFileType = sourcecode.swift; path = ViewController.swift; sourceTree = "<group>"; };
		1F9545D329BF476700A68561 /* Assets.xcassets */ = {isa = PBXFileReference; lastKnownFileType = folder.assetcatalog; path = Assets.xcassets; sourceTree = "<group>"; };
		1F9545D629BF476700A68561 /* Base */ = {isa = PBXFileReference; lastKnownFileType = file.storyboard; name = Base; path = Base.lproj/LaunchScreen.storyboard; sourceTree = "<group>"; };
		1F9545D829BF476700A68561 /* Info.plist */ = {isa = PBXFileReference; lastKnownFileType = text.plist.xml; path = Info.plist; sourceTree = "<group>"; };
		1F9545E329BF4A4E00A68561 /* Board.swift */ = {isa = PBXFileReference; lastKnownFileType = sourcecode.swift; path = Board.swift; sourceTree = "<group>"; };
		1F9545E529BF50F500A68561 /* GameModel.swift */ = {isa = PBXFileReference; lastKnownFileType = sourcecode.swift; path = GameModel.swift; sourceTree = "<group>"; };
		1F9545E729BF551D00A68561 /* Resourse.swift */ = {isa = PBXFileReference; lastKnownFileType = sourcecode.swift; path = Resourse.swift; sourceTree = "<group>"; };
		1FC1868529C898AB001EDEE0 /* MovingModel.swift */ = {isa = PBXFileReference; lastKnownFileType = sourcecode.swift; path = MovingModel.swift; sourceTree = "<group>"; };
/* End PBXFileReference section */

/* Begin PBXFrameworksBuildPhase section */
		1F9545C429BF476500A68561 /* Frameworks */ = {
			isa = PBXFrameworksBuildPhase;
			buildActionMask = 2147483647;
			files = (
			);
			runOnlyForDeploymentPostprocessing = 0;
		};
/* End PBXFrameworksBuildPhase section */

/* Begin PBXGroup section */
		1F9545BE29BF476500A68561 = {
			isa = PBXGroup;
			children = (
				1F9545C929BF476500A68561 /* Snake */,
				1F9545C829BF476500A68561 /* Products */,
			);
			sourceTree = "<group>";
		};
		1F9545C829BF476500A68561 /* Products */ = {
			isa = PBXGroup;
			children = (
				1F9545C729BF476500A68561 /* Snake.app */,
			);
			name = Products;
			sourceTree = "<group>";
		};
		1F9545C929BF476500A68561 /* Snake */ = {
			isa = PBXGroup;
			children = (
				1F9545DE29BF494700A68561 /* Application */,
				1F9545E129BF49AA00A68561 /* Models */,
				1F9545E029BF49A000A68561 /* Views */,
				1F9545E229BF49BC00A68561 /* Controllers */,
				1F9545DF29BF497C00A68561 /* Suuport */,
				1F9545D829BF476700A68561 /* Info.plist */,
			);
			path = Snake;
			sourceTree = "<group>";
		};
		1F9545DE29BF494700A68561 /* Application */ = {
			isa = PBXGroup;
			children = (
				1F9545CA29BF476500A68561 /* AppDelegate.swift */,
				1F9545CC29BF476500A68561 /* SceneDelegate.swift */,
			);
			path = Application;
			sourceTree = "<group>";
		};
		1F9545DF29BF497C00A68561 /* Suuport */ = {
			isa = PBXGroup;
			children = (
				1F9545D329BF476700A68561 /* Assets.xcassets */,
				1F9545D529BF476700A68561 /* LaunchScreen.storyboard */,
				1F9545E729BF551D00A68561 /* Resourse.swift */,
			);
			path = Suuport;
			sourceTree = "<group>";
		};
		1F9545E029BF49A000A68561 /* Views */ = {
			isa = PBXGroup;
			children = (
				1F9545E329BF4A4E00A68561 /* Board.swift */,
			);
			path = Views;
			sourceTree = "<group>";
		};
		1F9545E129BF49AA00A68561 /* Models */ = {
			isa = PBXGroup;
			children = (
				1F9545E529BF50F500A68561 /* GameModel.swift */,
				1F16845229C09EE000077AC6 /* SnakeCell.swift */,
				1FC1868529C898AB001EDEE0 /* MovingModel.swift */,
			);
			path = Models;
			sourceTree = "<group>";
		};
		1F9545E229BF49BC00A68561 /* Controllers */ = {
			isa = PBXGroup;
			children = (
				1F9545CE29BF476500A68561 /* ViewController.swift */,
			);
			path = Controllers;
			sourceTree = "<group>";
		};
/* End PBXGroup section */

/* Begin PBXNativeTarget section */
		1F9545C629BF476500A68561 /* Snake */ = {
			isa = PBXNativeTarget;
			buildConfigurationList = 1F9545DB29BF476700A68561 /* Build configuration list for PBXNativeTarget "Snake" */;
			buildPhases = (
				1F9545C329BF476500A68561 /* Sources */,
				1F9545C429BF476500A68561 /* Frameworks */,
				1F9545C529BF476500A68561 /* Resources */,
			);
			buildRules = (
			);
			dependencies = (
			);
			name = Snake;
			productName = Snake;
			productReference = 1F9545C729BF476500A68561 /* Snake.app */;
			productType = "com.apple.product-type.application";
		};
/* End PBXNativeTarget section */

/* Begin PBXProject section */
		1F9545BF29BF476500A68561 /* Project object */ = {
			isa = PBXProject;
			attributes = {
				BuildIndependentTargetsInParallel = 1;
				LastSwiftUpdateCheck = 1410;
				LastUpgradeCheck = 1410;
				TargetAttributes = {
					1F9545C629BF476500A68561 = {
						CreatedOnToolsVersion = 14.1;
					};
				};
			};
			buildConfigurationList = 1F9545C229BF476500A68561 /* Build configuration list for PBXProject "Snake" */;
			compatibilityVersion = "Xcode 14.0";
			developmentRegion = en;
			hasScannedForEncodings = 0;
			knownRegions = (
				en,
				Base,
			);
			mainGroup = 1F9545BE29BF476500A68561;
			productRefGroup = 1F9545C829BF476500A68561 /* Products */;
			projectDirPath = "";
			projectRoot = "";
			targets = (
				1F9545C629BF476500A68561 /* Snake */,
			);
		};
/* End PBXProject section */

/* Begin PBXResourcesBuildPhase section */
		1F9545C529BF476500A68561 /* Resources */ = {
			isa = PBXResourcesBuildPhase;
			buildActionMask = 2147483647;
			files = (
				1F9545D729BF476700A68561 /* LaunchScreen.storyboard in Resources */,
				1F9545D429BF476700A68561 /* Assets.xcassets in Resources */,
			);
			runOnlyForDeploymentPostprocessing = 0;
		};
/* End PBXResourcesBuildPhase section */

/* Begin PBXSourcesBuildPhase section */
		1F9545C329BF476500A68561 /* Sources */ = {
			isa = PBXSourcesBuildPhase;
			buildActionMask = 2147483647;
			files = (
				1F9545CF29BF476500A68561 /* ViewController.swift in Sources */,
				1F9545CB29BF476500A68561 /* AppDelegate.swift in Sources */,
				1F9545E429BF4A4E00A68561 /* Board.swift in Sources */,
				1F9545E629BF50F500A68561 /* GameModel.swift in Sources */,
				1F9545CD29BF476500A68561 /* SceneDelegate.swift in Sources */,
				1FC1868629C898AB001EDEE0 /* MovingModel.swift in Sources */,
				1F16845329C09EE000077AC6 /* SnakeCell.swift in Sources */,
				1F9545E829BF551D00A68561 /* Resourse.swift in Sources */,
			);
			runOnlyForDeploymentPostprocessing = 0;
		};
/* End PBXSourcesBuildPhase section */

/* Begin PBXVariantGroup section */
		1F9545D529BF476700A68561 /* LaunchScreen.storyboard */ = {
			isa = PBXVariantGroup;
			children = (
				1F9545D629BF476700A68561 /* Base */,
			);
			name = LaunchScreen.storyboard;
			sourceTree = "<group>";
		};
/* End PBXVariantGroup section */

/* Begin XCBuildConfiguration section */
		1F9545D929BF476700A68561 /* Debug */ = {
			isa = XCBuildConfiguration;
			buildSettings = {
				ALWAYS_SEARCH_USER_PATHS = NO;
				CLANG_ANALYZER_NONNULL = YES;
				CLANG_ANALYZER_NUMBER_OBJECT_CONVERSION = YES_AGGRESSIVE;
				CLANG_CXX_LANGUAGE_STANDARD = "gnu++20";
				CLANG_ENABLE_MODULES = YES;
				CLANG_ENABLE_OBJC_ARC = YES;
				CLANG_ENABLE_OBJC_WEAK = YES;
				CLANG_WARN_BLOCK_CAPTURE_AUTORELEASING = YES;
				CLANG_WARN_BOOL_CONVERSION = YES;
				CLANG_WARN_COMMA = YES;
				CLANG_WARN_CONSTANT_CONVERSION = YES;
				CLANG_WARN_DEPRECATED_OBJC_IMPLEMENTATIONS = YES;
				CLANG_WARN_DIRECT_OBJC_ISA_USAGE = YES_ERROR;
				CLANG_WARN_DOCUMENTATION_COMMENTS = YES;
				CLANG_WARN_EMPTY_BODY = YES;
				CLANG_WARN_ENUM_CONVERSION = YES;
				CLANG_WARN_INFINITE_RECURSION = YES;
				CLANG_WARN_INT_CONVERSION = YES;
				CLANG_WARN_NON_LITERAL_NULL_CONVERSION = YES;
				CLANG_WARN_OBJC_IMPLICIT_RETAIN_SELF = YES;
				CLANG_WARN_OBJC_LITERAL_CONVERSION = YES;
				CLANG_WARN_OBJC_ROOT_CLASS = YES_ERROR;
				CLANG_WARN_QUOTED_INCLUDE_IN_FRAMEWORK_HEADER = YES;
				CLANG_WARN_RANGE_LOOP_ANALYSIS = YES;
				CLANG_WARN_STRICT_PROTOTYPES = YES;
				CLANG_WARN_SUSPICIOUS_MOVE = YES;
				CLANG_WARN_UNGUARDED_AVAILABILITY = YES_AGGRESSIVE;
				CLANG_WARN_UNREACHABLE_CODE = YES;
				CLANG_WARN__DUPLICATE_METHOD_MATCH = YES;
				COPY_PHASE_STRIP = NO;
				DEBUG_INFORMATION_FORMAT = dwarf;
				ENABLE_STRICT_OBJC_MSGSEND = YES;
				ENABLE_TESTABILITY = YES;
				GCC_C_LANGUAGE_STANDARD = gnu11;
				GCC_DYNAMIC_NO_PIC = NO;
				GCC_NO_COMMON_BLOCKS = YES;
				GCC_OPTIMIZATION_LEVEL = 0;
				GCC_PREPROCESSOR_DEFINITIONS = (
					"DEBUG=1",
					"$(inherited)",
				);
				GCC_WARN_64_TO_32_BIT_CONVERSION = YES;
				GCC_WARN_ABOUT_RETURN_TYPE = YES_ERROR;
				GCC_WARN_UNDECLARED_SELECTOR = YES;
				GCC_WARN_UNINITIALIZED_AUTOS = YES_AGGRESSIVE;
				GCC_WARN_UNUSED_FUNCTION = YES;
				GCC_WARN_UNUSED_VARIABLE = YES;
				IPHONEOS_DEPLOYMENT_TARGET = 16.1;
				MTL_ENABLE_DEBUG_INFO = INCLUDE_SOURCE;
				MTL_FAST_MATH = YES;
				ONLY_ACTIVE_ARCH = YES;
				SDKROOT = iphoneos;
				SWIFT_ACTIVE_COMPILATION_CONDITIONS = DEBUG;
				SWIFT_OPTIMIZATION_LEVEL = "-Onone";
			};
			name = Debug;
		};
		1F9545DA29BF476700A68561 /* Release */ = {
			isa = XCBuildConfiguration;
			buildSettings = {
				ALWAYS_SEARCH_USER_PATHS = NO;
				CLANG_ANALYZER_NONNULL = YES;
				CLANG_ANALYZER_NUMBER_OBJECT_CONVERSION = YES_AGGRESSIVE;
				CLANG_CXX_LANGUAGE_STANDARD = "gnu++20";
				CLANG_ENABLE_MODULES = YES;
				CLANG_ENABLE_OBJC_ARC = YES;
				CLANG_ENABLE_OBJC_WEAK = YES;
				CLANG_WARN_BLOCK_CAPTURE_AUTORELEASING = YES;
				CLANG_WARN_BOOL_CONVERSION = YES;
				CLANG_WARN_COMMA = YES;
				CLANG_WARN_CONSTANT_CONVERSION = YES;
				CLANG_WARN_DEPRECATED_OBJC_IMPLEMENTATIONS = YES;
				CLANG_WARN_DIRECT_OBJC_ISA_USAGE = YES_ERROR;
				CLANG_WARN_DOCUMENTATION_COMMENTS = YES;
				CLANG_WARN_EMPTY_BODY = YES;
				CLANG_WARN_ENUM_CONVERSION = YES;
				CLANG_WARN_INFINITE_RECURSION = YES;
				CLANG_WARN_INT_CONVERSION = YES;
				CLANG_WARN_NON_LITERAL_NULL_CONVERSION = YES;
				CLANG_WARN_OBJC_IMPLICIT_RETAIN_SELF = YES;
				CLANG_WARN_OBJC_LITERAL_CONVERSION = YES;
				CLANG_WARN_OBJC_ROOT_CLASS = YES_ERROR;
				CLANG_WARN_QUOTED_INCLUDE_IN_FRAMEWORK_HEADER = YES;
				CLANG_WARN_RANGE_LOOP_ANALYSIS = YES;
				CLANG_WARN_STRICT_PROTOTYPES = YES;
				CLANG_WARN_SUSPICIOUS_MOVE = YES;
				CLANG_WARN_UNGUARDED_AVAILABILITY = YES_AGGRESSIVE;
				CLANG_WARN_UNREACHABLE_CODE = YES;
				CLANG_WARN__DUPLICATE_METHOD_MATCH = YES;
				COPY_PHASE_STRIP = NO;
				DEBUG_INFORMATION_FORMAT = "dwarf-with-dsym";
				ENABLE_NS_ASSERTIONS = NO;
				ENABLE_STRICT_OBJC_MSGSEND = YES;
				GCC_C_LANGUAGE_STANDARD = gnu11;
				GCC_NO_COMMON_BLOCKS = YES;
				GCC_WARN_64_TO_32_BIT_CONVERSION = YES;
				GCC_WARN_ABOUT_RETURN_TYPE = YES_ERROR;
				GCC_WARN_UNDECLARED_SELECTOR = YES;
				GCC_WARN_UNINITIALIZED_AUTOS = YES_AGGRESSIVE;
				GCC_WARN_UNUSED_FUNCTION = YES;
				GCC_WARN_UNUSED_VARIABLE = YES;
				IPHONEOS_DEPLOYMENT_TARGET = 16.1;
				MTL_ENABLE_DEBUG_INFO = NO;
				MTL_FAST_MATH = YES;
				SDKROOT = iphoneos;
				SWIFT_COMPILATION_MODE = wholemodule;
				SWIFT_OPTIMIZATION_LEVEL = "-O";
				VALIDATE_PRODUCT = YES;
			};
			name = Release;
		};
		1F9545DC29BF476700A68561 /* Debug */ = {
			isa = XCBuildConfiguration;
			buildSettings = {
				ASSETCATALOG_COMPILER_APPICON_NAME = AppIcon;
				ASSETCATALOG_COMPILER_GLOBAL_ACCENT_COLOR_NAME = AccentColor;
				CODE_SIGN_STYLE = Automatic;
				CURRENT_PROJECT_VERSION = 1;
				DEVELOPMENT_TEAM = 48AKWV4768;
				GENERATE_INFOPLIST_FILE = YES;
				INFOPLIST_FILE = Snake/Info.plist;
				INFOPLIST_KEY_UIApplicationSupportsIndirectInputEvents = YES;
				INFOPLIST_KEY_UILaunchStoryboardName = LaunchScreen;
				INFOPLIST_KEY_UISupportedInterfaceOrientations = UIInterfaceOrientationPortrait;
				INFOPLIST_KEY_UISupportedInterfaceOrientations_iPad = "UIInterfaceOrientationLandscapeLeft UIInterfaceOrientationLandscapeRight UIInterfaceOrientationPortrait UIInterfaceOrientationPortraitUpsideDown";
				LD_RUNPATH_SEARCH_PATHS = (
					"$(inherited)",
					"@executable_path/Frameworks",
				);
				MARKETING_VERSION = 1.0;
				PRODUCT_BUNDLE_IDENTIFIER = saturn777.Snake;
				PRODUCT_NAME = "$(TARGET_NAME)";
				SUPPORTED_PLATFORMS = "iphoneos iphonesimulator";
				SUPPORTS_MACCATALYST = NO;
				SUPPORTS_MAC_DESIGNED_FOR_IPHONE_IPAD = NO;
				SWIFT_EMIT_LOC_STRINGS = YES;
				SWIFT_VERSION = 5.0;
				TARGETED_DEVICE_FAMILY = 1;
			};
			name = Debug;
		};
		1F9545DD29BF476700A68561 /* Release */ = {
			isa = XCBuildConfiguration;
			buildSettings = {
				ASSETCATALOG_COMPILER_APPICON_NAME = AppIcon;
				ASSETCATALOG_COMPILER_GLOBAL_ACCENT_COLOR_NAME = AccentColor;
				CODE_SIGN_STYLE = Automatic;
				CURRENT_PROJECT_VERSION = 1;
				DEVELOPMENT_TEAM = 48AKWV4768;
				GENERATE_INFOPLIST_FILE = YES;
				INFOPLIST_FILE = Snake/Info.plist;
				INFOPLIST_KEY_UIApplicationSupportsIndirectInputEvents = YES;
				INFOPLIST_KEY_UILaunchStoryboardName = LaunchScreen;
				INFOPLIST_KEY_UISupportedInterfaceOrientations = UIInterfaceOrientationPortrait;
				INFOPLIST_KEY_UISupportedInterfaceOrientations_iPad = "UIInterfaceOrientationLandscapeLeft UIInterfaceOrientationLandscapeRight UIInterfaceOrientationPortrait UIInterfaceOrientationPortraitUpsideDown";
				LD_RUNPATH_SEARCH_PATHS = (
					"$(inherited)",
					"@executable_path/Frameworks",
				);
				MARKETING_VERSION = 1.0;
				PRODUCT_BUNDLE_IDENTIFIER = saturn777.Snake;
				PRODUCT_NAME = "$(TARGET_NAME)";
				SUPPORTED_PLATFORMS = "iphoneos iphonesimulator";
				SUPPORTS_MACCATALYST = NO;
				SUPPORTS_MAC_DESIGNED_FOR_IPHONE_IPAD = NO;
				SWIFT_EMIT_LOC_STRINGS = YES;
				SWIFT_VERSION = 5.0;
				TARGETED_DEVICE_FAMILY = 1;
			};
			name = Release;
		};
/* End XCBuildConfiguration section */

/* Begin XCConfigurationList section */
		1F9545C229BF476500A68561 /* Build configuration list for PBXProject "Snake" */ = {
			isa = XCConfigurationList;
			buildConfigurations = (
				1F9545D929BF476700A68561 /* Debug */,
				1F9545DA29BF476700A68561 /* Release */,
			);
			defaultConfigurationIsVisible = 0;
			defaultConfigurationName = Release;
		};
		1F9545DB29BF476700A68561 /* Build configuration list for PBXNativeTarget "Snake" */ = {
			isa = XCConfigurationList;
			buildConfigurations = (
				1F9545DC29BF476700A68561 /* Debug */,
				1F9545DD29BF476700A68561 /* Release */,
			);
			defaultConfigurationIsVisible = 0;
			defaultConfigurationName = Release;
		};
/* End XCConfigurationList section */
	};
	rootObject = 1F9545BF29BF476500A68561 /* Project object */;
}
